# THIS IS AN AUTOGENERATED FILE. DO NOT EDIT THIS FILE DIRECTLY.
# yarn lockfile v1


"@babel/helper-string-parser@^7.25.9":
  version "7.25.9"
  resolved "https://registry.yarnpkg.com/@babel/helper-string-parser/-/helper-string-parser-7.25.9.tgz#1aabb72ee72ed35789b4bbcad3ca2862ce614e8c"
  integrity sha512-4A/SCr/2KLd5jrtOMFzaKjVtAei3+2r/NChoBNoZ3EyP/+GlhoaEGoWOZUmFmoITP7zOJyHIMm+DYRd8o3PvHA==

"@babel/helper-validator-identifier@^7.25.9":
  version "7.25.9"
  resolved "https://registry.yarnpkg.com/@babel/helper-validator-identifier/-/helper-validator-identifier-7.25.9.tgz#24b64e2c3ec7cd3b3c547729b8d16871f22cbdc7"
  integrity sha512-Ed61U6XJc3CVRfkERJWDz4dJwKe7iLmmJsbOGu9wSloNSFttHV0I8g6UAgb7qnK5ly5bGLPd4oXZlxCdANBOWQ==

"@babel/parser@^7.25.3":
  version "7.26.2"
  resolved "https://registry.yarnpkg.com/@babel/parser/-/parser-7.26.2.tgz#fd7b6f487cfea09889557ef5d4eeb9ff9a5abd11"
  integrity sha512-DWMCZH9WA4Maitz2q21SRKHo9QXZxkDsbNZoVD62gusNtNBBqDg9i7uOhASfTfIGNzW+O+r7+jAlM8dwphcJKQ==
  dependencies:
    "@babel/types" "^7.26.0"

"@babel/types@^7.26.0":
  version "7.26.0"
  resolved "https://registry.yarnpkg.com/@babel/types/-/types-7.26.0.tgz#deabd08d6b753bc8e0f198f8709fb575e31774ff"
  integrity sha512-Z/yiTPj+lDVnF7lWeKCIJzaIkI0vYO87dMpZ4bg4TDrFe4XXLFWL1TbXU27gBP3QccxV9mZICCrnjnYlJjXHOA==
  dependencies:
    "@babel/helper-string-parser" "^7.25.9"
    "@babel/helper-validator-identifier" "^7.25.9"

"@esbuild/aix-ppc64@0.21.5":
  version "0.21.5"
  resolved "https://registry.yarnpkg.com/@esbuild/aix-ppc64/-/aix-ppc64-0.21.5.tgz#c7184a326533fcdf1b8ee0733e21c713b975575f"
  integrity sha512-1SDgH6ZSPTlggy1yI6+Dbkiz8xzpHJEVAlF/AM1tHPLsf5STom9rwtjE4hKAF20FfXXNTFqEYXyJNWh1GiZedQ==

"@esbuild/android-arm64@0.21.5":
  version "0.21.5"
  resolved "https://registry.yarnpkg.com/@esbuild/android-arm64/-/android-arm64-0.21.5.tgz#09d9b4357780da9ea3a7dfb833a1f1ff439b4052"
  integrity sha512-c0uX9VAUBQ7dTDCjq+wdyGLowMdtR/GoC2U5IYk/7D1H1JYC0qseD7+11iMP2mRLN9RcCMRcjC4YMclCzGwS/A==

"@esbuild/android-arm@0.21.5":
  version "0.21.5"
  resolved "https://registry.yarnpkg.com/@esbuild/android-arm/-/android-arm-0.21.5.tgz#9b04384fb771926dfa6d7ad04324ecb2ab9b2e28"
  integrity sha512-vCPvzSjpPHEi1siZdlvAlsPxXl7WbOVUBBAowWug4rJHb68Ox8KualB+1ocNvT5fjv6wpkX6o/iEpbDrf68zcg==

"@esbuild/android-x64@0.21.5":
  version "0.21.5"
  resolved "https://registry.yarnpkg.com/@esbuild/android-x64/-/android-x64-0.21.5.tgz#29918ec2db754cedcb6c1b04de8cd6547af6461e"
  integrity sha512-D7aPRUUNHRBwHxzxRvp856rjUHRFW1SdQATKXH2hqA0kAZb1hKmi02OpYRacl0TxIGz/ZmXWlbZgjwWYaCakTA==

"@esbuild/darwin-arm64@0.21.5":
  version "0.21.5"
  resolved "https://registry.yarnpkg.com/@esbuild/darwin-arm64/-/darwin-arm64-0.21.5.tgz#e495b539660e51690f3928af50a76fb0a6ccff2a"
  integrity sha512-DwqXqZyuk5AiWWf3UfLiRDJ5EDd49zg6O9wclZ7kUMv2WRFr4HKjXp/5t8JZ11QbQfUS6/cRCKGwYhtNAY88kQ==

"@esbuild/darwin-x64@0.21.5":
  version "0.21.5"
  resolved "https://registry.yarnpkg.com/@esbuild/darwin-x64/-/darwin-x64-0.21.5.tgz#c13838fa57372839abdddc91d71542ceea2e1e22"
  integrity sha512-se/JjF8NlmKVG4kNIuyWMV/22ZaerB+qaSi5MdrXtd6R08kvs2qCN4C09miupktDitvh8jRFflwGFBQcxZRjbw==

"@esbuild/freebsd-arm64@0.21.5":
  version "0.21.5"
  resolved "https://registry.yarnpkg.com/@esbuild/freebsd-arm64/-/freebsd-arm64-0.21.5.tgz#646b989aa20bf89fd071dd5dbfad69a3542e550e"
  integrity sha512-5JcRxxRDUJLX8JXp/wcBCy3pENnCgBR9bN6JsY4OmhfUtIHe3ZW0mawA7+RDAcMLrMIZaf03NlQiX9DGyB8h4g==

"@esbuild/freebsd-x64@0.21.5":
  version "0.21.5"
  resolved "https://registry.yarnpkg.com/@esbuild/freebsd-x64/-/freebsd-x64-0.21.5.tgz#aa615cfc80af954d3458906e38ca22c18cf5c261"
  integrity sha512-J95kNBj1zkbMXtHVH29bBriQygMXqoVQOQYA+ISs0/2l3T9/kj42ow2mpqerRBxDJnmkUDCaQT/dfNXWX/ZZCQ==

"@esbuild/linux-arm64@0.21.5":
  version "0.21.5"
  resolved "https://registry.yarnpkg.com/@esbuild/linux-arm64/-/linux-arm64-0.21.5.tgz#70ac6fa14f5cb7e1f7f887bcffb680ad09922b5b"
  integrity sha512-ibKvmyYzKsBeX8d8I7MH/TMfWDXBF3db4qM6sy+7re0YXya+K1cem3on9XgdT2EQGMu4hQyZhan7TeQ8XkGp4Q==

"@esbuild/linux-arm@0.21.5":
  version "0.21.5"
  resolved "https://registry.yarnpkg.com/@esbuild/linux-arm/-/linux-arm-0.21.5.tgz#fc6fd11a8aca56c1f6f3894f2bea0479f8f626b9"
  integrity sha512-bPb5AHZtbeNGjCKVZ9UGqGwo8EUu4cLq68E95A53KlxAPRmUyYv2D6F0uUI65XisGOL1hBP5mTronbgo+0bFcA==

"@esbuild/linux-ia32@0.21.5":
  version "0.21.5"
  resolved "https://registry.yarnpkg.com/@esbuild/linux-ia32/-/linux-ia32-0.21.5.tgz#3271f53b3f93e3d093d518d1649d6d68d346ede2"
  integrity sha512-YvjXDqLRqPDl2dvRODYmmhz4rPeVKYvppfGYKSNGdyZkA01046pLWyRKKI3ax8fbJoK5QbxblURkwK/MWY18Tg==

"@esbuild/linux-loong64@0.21.5":
  version "0.21.5"
  resolved "https://registry.yarnpkg.com/@esbuild/linux-loong64/-/linux-loong64-0.21.5.tgz#ed62e04238c57026aea831c5a130b73c0f9f26df"
  integrity sha512-uHf1BmMG8qEvzdrzAqg2SIG/02+4/DHB6a9Kbya0XDvwDEKCoC8ZRWI5JJvNdUjtciBGFQ5PuBlpEOXQj+JQSg==

"@esbuild/linux-mips64el@0.21.5":
  version "0.21.5"
  resolved "https://registry.yarnpkg.com/@esbuild/linux-mips64el/-/linux-mips64el-0.21.5.tgz#e79b8eb48bf3b106fadec1ac8240fb97b4e64cbe"
  integrity sha512-IajOmO+KJK23bj52dFSNCMsz1QP1DqM6cwLUv3W1QwyxkyIWecfafnI555fvSGqEKwjMXVLokcV5ygHW5b3Jbg==

"@esbuild/linux-ppc64@0.21.5":
  version "0.21.5"
  resolved "https://registry.yarnpkg.com/@esbuild/linux-ppc64/-/linux-ppc64-0.21.5.tgz#5f2203860a143b9919d383ef7573521fb154c3e4"
  integrity sha512-1hHV/Z4OEfMwpLO8rp7CvlhBDnjsC3CttJXIhBi+5Aj5r+MBvy4egg7wCbe//hSsT+RvDAG7s81tAvpL2XAE4w==

"@esbuild/linux-riscv64@0.21.5":
  version "0.21.5"
  resolved "https://registry.yarnpkg.com/@esbuild/linux-riscv64/-/linux-riscv64-0.21.5.tgz#07bcafd99322d5af62f618cb9e6a9b7f4bb825dc"
  integrity sha512-2HdXDMd9GMgTGrPWnJzP2ALSokE/0O5HhTUvWIbD3YdjME8JwvSCnNGBnTThKGEB91OZhzrJ4qIIxk/SBmyDDA==

"@esbuild/linux-s390x@0.21.5":
  version "0.21.5"
  resolved "https://registry.yarnpkg.com/@esbuild/linux-s390x/-/linux-s390x-0.21.5.tgz#b7ccf686751d6a3e44b8627ababc8be3ef62d8de"
  integrity sha512-zus5sxzqBJD3eXxwvjN1yQkRepANgxE9lgOW2qLnmr8ikMTphkjgXu1HR01K4FJg8h1kEEDAqDcZQtbrRnB41A==

"@esbuild/linux-x64@0.21.5":
  version "0.21.5"
  resolved "https://registry.yarnpkg.com/@esbuild/linux-x64/-/linux-x64-0.21.5.tgz#6d8f0c768e070e64309af8004bb94e68ab2bb3b0"
  integrity sha512-1rYdTpyv03iycF1+BhzrzQJCdOuAOtaqHTWJZCWvijKD2N5Xu0TtVC8/+1faWqcP9iBCWOmjmhoH94dH82BxPQ==

"@esbuild/netbsd-x64@0.21.5":
  version "0.21.5"
  resolved "https://registry.yarnpkg.com/@esbuild/netbsd-x64/-/netbsd-x64-0.21.5.tgz#bbe430f60d378ecb88decb219c602667387a6047"
  integrity sha512-Woi2MXzXjMULccIwMnLciyZH4nCIMpWQAs049KEeMvOcNADVxo0UBIQPfSmxB3CWKedngg7sWZdLvLczpe0tLg==

"@esbuild/openbsd-x64@0.21.5":
  version "0.21.5"
  resolved "https://registry.yarnpkg.com/@esbuild/openbsd-x64/-/openbsd-x64-0.21.5.tgz#99d1cf2937279560d2104821f5ccce220cb2af70"
  integrity sha512-HLNNw99xsvx12lFBUwoT8EVCsSvRNDVxNpjZ7bPn947b8gJPzeHWyNVhFsaerc0n3TsbOINvRP2byTZ5LKezow==

"@esbuild/sunos-x64@0.21.5":
  version "0.21.5"
  resolved "https://registry.yarnpkg.com/@esbuild/sunos-x64/-/sunos-x64-0.21.5.tgz#08741512c10d529566baba837b4fe052c8f3487b"
  integrity sha512-6+gjmFpfy0BHU5Tpptkuh8+uw3mnrvgs+dSPQXQOv3ekbordwnzTVEb4qnIvQcYXq6gzkyTnoZ9dZG+D4garKg==

"@esbuild/win32-arm64@0.21.5":
  version "0.21.5"
  resolved "https://registry.yarnpkg.com/@esbuild/win32-arm64/-/win32-arm64-0.21.5.tgz#675b7385398411240735016144ab2e99a60fc75d"
  integrity sha512-Z0gOTd75VvXqyq7nsl93zwahcTROgqvuAcYDUr+vOv8uHhNSKROyU961kgtCD1e95IqPKSQKH7tBTslnS3tA8A==

"@esbuild/win32-ia32@0.21.5":
  version "0.21.5"
  resolved "https://registry.yarnpkg.com/@esbuild/win32-ia32/-/win32-ia32-0.21.5.tgz#1bfc3ce98aa6ca9a0969e4d2af72144c59c1193b"
  integrity sha512-SWXFF1CL2RVNMaVs+BBClwtfZSvDgtL//G/smwAc5oVK/UPu2Gu9tIaRgFmYFFKrmg3SyAjSrElf0TiJ1v8fYA==

"@esbuild/win32-x64@0.21.5":
  version "0.21.5"
  resolved "https://registry.yarnpkg.com/@esbuild/win32-x64/-/win32-x64-0.21.5.tgz#acad351d582d157bb145535db2a6ff53dd514b5c"
  integrity sha512-tQd/1efJuzPC6rCFwEvLtci/xNFcTZknmXs98FYDfGE4wP9ClFV98nyKrzJKVPMhdDnjzLhdUyMX4PsQAPjwIw==

"@jridgewell/sourcemap-codec@^1.5.0":
  version "1.5.0"
  resolved "https://registry.yarnpkg.com/@jridgewell/sourcemap-codec/-/sourcemap-codec-1.5.0.tgz#3188bcb273a414b0d215fd22a58540b989b9409a"
  integrity sha512-gv3ZRaISU3fjPAgNsriBRqGWQL6quFx04YMPW/zD8XMLsU32mhCCbfbO6KZFLjvYpCZ8zyDEgqsgf+PwPaM7GQ==

"@netlify/functions@^2.8.0":
  version "2.8.2"
  resolved "https://registry.yarnpkg.com/@netlify/functions/-/functions-2.8.2.tgz#653395b901a74a6189e913a089f9cb90083ca6ce"
  integrity sha512-DeoAQh8LuNPvBE4qsKlezjKj0PyXDryOFJfJKo3Z1qZLKzQ21sT314KQKPVjfvw6knqijj+IO+0kHXy/TJiqNA==
  dependencies:
    "@netlify/serverless-functions-api" "1.26.1"

"@netlify/node-cookies@^0.1.0":
  version "0.1.0"
  resolved "https://registry.yarnpkg.com/@netlify/node-cookies/-/node-cookies-0.1.0.tgz#dda912ba618527695cf519fafa221c5e6777c612"
  integrity sha512-OAs1xG+FfLX0LoRASpqzVntVV/RpYkgpI0VrUnw2u0Q1qiZUzcPffxRK8HF3gc4GjuhG5ahOEMJ9bswBiZPq0g==

"@netlify/serverless-functions-api@1.26.1":
  version "1.26.1"
  resolved "https://registry.yarnpkg.com/@netlify/serverless-functions-api/-/serverless-functions-api-1.26.1.tgz#6d2792a7fdbb3a6b852c219e4fb13622b30a9ec5"
  integrity sha512-q3L9i3HoNfz0SGpTIS4zTcKBbRkxzCRpd169eyiTuk3IwcPC3/85mzLHranlKo2b+HYT0gu37YxGB45aD8A3Tw==
  dependencies:
    "@netlify/node-cookies" "^0.1.0"
    urlpattern-polyfill "8.0.2"

"@rollup/rollup-android-arm-eabi@4.27.4":
  version "4.27.4"
  resolved "https://registry.yarnpkg.com/@rollup/rollup-android-arm-eabi/-/rollup-android-arm-eabi-4.27.4.tgz#e3c9cc13f144ba033df4d2c3130a214dc8e3473e"
  integrity sha512-2Y3JT6f5MrQkICUyRVCw4oa0sutfAsgaSsb0Lmmy1Wi2y7X5vT9Euqw4gOsCyy0YfKURBg35nhUKZS4mDcfULw==

"@rollup/rollup-android-arm64@4.27.4":
  version "4.27.4"
  resolved "https://registry.yarnpkg.com/@rollup/rollup-android-arm64/-/rollup-android-arm64-4.27.4.tgz#0474250fcb5871aca952e249a0c3270fc4310b55"
  integrity sha512-wzKRQXISyi9UdCVRqEd0H4cMpzvHYt1f/C3CoIjES6cG++RHKhrBj2+29nPF0IB5kpy9MS71vs07fvrNGAl/iA==

"@rollup/rollup-darwin-arm64@4.27.4":
  version "4.27.4"
  resolved "https://registry.yarnpkg.com/@rollup/rollup-darwin-arm64/-/rollup-darwin-arm64-4.27.4.tgz#77c29b4f9c430c1624f1a6835f2a7e82be3d16f2"
  integrity sha512-PlNiRQapift4LNS8DPUHuDX/IdXiLjf8mc5vdEmUR0fF/pyy2qWwzdLjB+iZquGr8LuN4LnUoSEvKRwjSVYz3Q==

"@rollup/rollup-darwin-x64@4.27.4":
  version "4.27.4"
  resolved "https://registry.yarnpkg.com/@rollup/rollup-darwin-x64/-/rollup-darwin-x64-4.27.4.tgz#7d87711f641a458868758cbf110fb32eabd6a25a"
  integrity sha512-o9bH2dbdgBDJaXWJCDTNDYa171ACUdzpxSZt+u/AAeQ20Nk5x+IhA+zsGmrQtpkLiumRJEYef68gcpn2ooXhSQ==

"@rollup/rollup-freebsd-arm64@4.27.4":
  version "4.27.4"
  resolved "https://registry.yarnpkg.com/@rollup/rollup-freebsd-arm64/-/rollup-freebsd-arm64-4.27.4.tgz#662f808d2780e4e91021ac9ee7ed800862bb9a57"
  integrity sha512-NBI2/i2hT9Q+HySSHTBh52da7isru4aAAo6qC3I7QFVsuhxi2gM8t/EI9EVcILiHLj1vfi+VGGPaLOUENn7pmw==

"@rollup/rollup-freebsd-x64@4.27.4":
  version "4.27.4"
  resolved "https://registry.yarnpkg.com/@rollup/rollup-freebsd-x64/-/rollup-freebsd-x64-4.27.4.tgz#71e5a7bcfcbe51d8b65d158675acec1307edea79"
  integrity sha512-wYcC5ycW2zvqtDYrE7deary2P2UFmSh85PUpAx+dwTCO9uw3sgzD6Gv9n5X4vLaQKsrfTSZZ7Z7uynQozPVvWA==

"@rollup/rollup-linux-arm-gnueabihf@4.27.4":
  version "4.27.4"
  resolved "https://registry.yarnpkg.com/@rollup/rollup-linux-arm-gnueabihf/-/rollup-linux-arm-gnueabihf-4.27.4.tgz#08f67fcec61ee18f8b33b3f403a834ab8f3aa75d"
  integrity sha512-9OwUnK/xKw6DyRlgx8UizeqRFOfi9mf5TYCw1uolDaJSbUmBxP85DE6T4ouCMoN6pXw8ZoTeZCSEfSaYo+/s1w==

"@rollup/rollup-linux-arm-musleabihf@4.27.4":
  version "4.27.4"
  resolved "https://registry.yarnpkg.com/@rollup/rollup-linux-arm-musleabihf/-/rollup-linux-arm-musleabihf-4.27.4.tgz#2e1ad4607f86475b1731556359c6070eb8f4b109"
  integrity sha512-Vgdo4fpuphS9V24WOV+KwkCVJ72u7idTgQaBoLRD0UxBAWTF9GWurJO9YD9yh00BzbkhpeXtm6na+MvJU7Z73A==

"@rollup/rollup-linux-arm64-gnu@4.27.4":
  version "4.27.4"
  resolved "https://registry.yarnpkg.com/@rollup/rollup-linux-arm64-gnu/-/rollup-linux-arm64-gnu-4.27.4.tgz#c65d559dcb0d3dabea500cf7b8215959ae6cccf8"
  integrity sha512-pleyNgyd1kkBkw2kOqlBx+0atfIIkkExOTiifoODo6qKDSpnc6WzUY5RhHdmTdIJXBdSnh6JknnYTtmQyobrVg==

"@rollup/rollup-linux-arm64-musl@4.27.4":
  version "4.27.4"
  resolved "https://registry.yarnpkg.com/@rollup/rollup-linux-arm64-musl/-/rollup-linux-arm64-musl-4.27.4.tgz#6739f7eb33e20466bb88748519c98ce8dee23922"
  integrity sha512-caluiUXvUuVyCHr5DxL8ohaaFFzPGmgmMvwmqAITMpV/Q+tPoaHZ/PWa3t8B2WyoRcIIuu1hkaW5KkeTDNSnMA==

"@rollup/rollup-linux-powerpc64le-gnu@4.27.4":
  version "4.27.4"
  resolved "https://registry.yarnpkg.com/@rollup/rollup-linux-powerpc64le-gnu/-/rollup-linux-powerpc64le-gnu-4.27.4.tgz#8d9fe9471c256e55278cb1f7b1c977cd8fe6df20"
  integrity sha512-FScrpHrO60hARyHh7s1zHE97u0KlT/RECzCKAdmI+LEoC1eDh/RDji9JgFqyO+wPDb86Oa/sXkily1+oi4FzJQ==

"@rollup/rollup-linux-riscv64-gnu@4.27.4":
  version "4.27.4"
  resolved "https://registry.yarnpkg.com/@rollup/rollup-linux-riscv64-gnu/-/rollup-linux-riscv64-gnu-4.27.4.tgz#9a467f7ad5b61c9d66b24e79a3c57cb755d02c35"
  integrity sha512-qyyprhyGb7+RBfMPeww9FlHwKkCXdKHeGgSqmIXw9VSUtvyFZ6WZRtnxgbuz76FK7LyoN8t/eINRbPUcvXB5fw==

"@rollup/rollup-linux-s390x-gnu@4.27.4":
  version "4.27.4"
  resolved "https://registry.yarnpkg.com/@rollup/rollup-linux-s390x-gnu/-/rollup-linux-s390x-gnu-4.27.4.tgz#efaddf22df27b87a267a731fbeb9539e92cd4527"
  integrity sha512-PFz+y2kb6tbh7m3A7nA9++eInGcDVZUACulf/KzDtovvdTizHpZaJty7Gp0lFwSQcrnebHOqxF1MaKZd7psVRg==

"@rollup/rollup-linux-x64-gnu@4.27.4":
  version "4.27.4"
  resolved "https://registry.yarnpkg.com/@rollup/rollup-linux-x64-gnu/-/rollup-linux-x64-gnu-4.27.4.tgz#a959eccb04b07fd1591d7ff745a6865faa7042cd"
  integrity sha512-Ni8mMtfo+o/G7DVtweXXV/Ol2TFf63KYjTtoZ5f078AUgJTmaIJnj4JFU7TK/9SVWTaSJGxPi5zMDgK4w+Ez7Q==

"@rollup/rollup-linux-x64-musl@4.27.4":
  version "4.27.4"
  resolved "https://registry.yarnpkg.com/@rollup/rollup-linux-x64-musl/-/rollup-linux-x64-musl-4.27.4.tgz#927764f1da1f2dd50943716dec93796d10cb6e99"
  integrity sha512-5AeeAF1PB9TUzD+3cROzFTnAJAcVUGLuR8ng0E0WXGkYhp6RD6L+6szYVX+64Rs0r72019KHZS1ka1q+zU/wUw==

"@rollup/rollup-win32-arm64-msvc@4.27.4":
  version "4.27.4"
  resolved "https://registry.yarnpkg.com/@rollup/rollup-win32-arm64-msvc/-/rollup-win32-arm64-msvc-4.27.4.tgz#030b6cc607d845da23dced624e47fb45de105840"
  integrity sha512-yOpVsA4K5qVwu2CaS3hHxluWIK5HQTjNV4tWjQXluMiiiu4pJj4BN98CvxohNCpcjMeTXk/ZMJBRbgRg8HBB6A==

"@rollup/rollup-win32-ia32-msvc@4.27.4":
  version "4.27.4"
  resolved "https://registry.yarnpkg.com/@rollup/rollup-win32-ia32-msvc/-/rollup-win32-ia32-msvc-4.27.4.tgz#3457a3f44a84f51d8097c3606429e01f0d2d0ec2"
  integrity sha512-KtwEJOaHAVJlxV92rNYiG9JQwQAdhBlrjNRp7P9L8Cb4Rer3in+0A+IPhJC9y68WAi9H0sX4AiG2NTsVlmqJeQ==

"@rollup/rollup-win32-x64-msvc@4.27.4":
  version "4.27.4"
  resolved "https://registry.yarnpkg.com/@rollup/rollup-win32-x64-msvc/-/rollup-win32-x64-msvc-4.27.4.tgz#67d516613c9f2fe42e2d8b78e252d0003179d92c"
  integrity sha512-3j4jx1TppORdTAoBJRd+/wJRGCPC0ETWkXOecJ6PPZLj6SptXkrXcNqdj0oclbKML6FkQltdz7bBA3rUSirZug==

"@shopify/admin-api-client@^1.0.3":
  version "1.0.4"
  resolved "https://registry.yarnpkg.com/@shopify/admin-api-client/-/admin-api-client-1.0.4.tgz#49b6b5e9a05885f1a7bade81f02a0ee4f9e5f890"
  integrity sha512-IJ50MrVy245ivuxnrg0R1lwXoAmzqQ6FDeq/vFEhbxe20ub3CFL8lIUmbG+2Uql8vrsW4b7RML4COs22sPxArw==
  dependencies:
    "@shopify/graphql-client" "^1.2.1"

"@shopify/graphql-client@^1.2.1":
  version "1.2.1"
  resolved "https://registry.yarnpkg.com/@shopify/graphql-client/-/graphql-client-1.2.1.tgz#de663e48c307fbeff91cd16f2fca0c110f4d47da"
  integrity sha512-wySl/G7M/ZDxtcUEOF24wyfTigFnzW0hr3AzcldoQTl0OToLK2mQ7FBDSSwmfa00VrQ3TQwFM+tAAByK9tr3JQ==

"@supabase/auth-js@2.65.1":
  version "2.65.1"
  resolved "https://registry.yarnpkg.com/@supabase/auth-js/-/auth-js-2.65.1.tgz#4f6ab9ece2e6613d2648ecf5482800f3766479ea"
  integrity sha512-IA7i2Xq2SWNCNMKxwmPlHafBQda0qtnFr8QnyyBr+KaSxoXXqEzFCnQ1dGTy6bsZjVBgXu++o3qrDypTspaAPw==
  dependencies:
    "@supabase/node-fetch" "^2.6.14"

"@supabase/functions-js@2.4.3":
  version "2.4.3"
  resolved "https://registry.yarnpkg.com/@supabase/functions-js/-/functions-js-2.4.3.tgz#ac1c696d3a1ebe00f60d5cea69b208078678ef8b"
  integrity sha512-sOLXy+mWRyu4LLv1onYydq+10mNRQ4rzqQxNhbrKLTLTcdcmS9hbWif0bGz/NavmiQfPs4ZcmQJp4WqOXlR4AQ==
  dependencies:
    "@supabase/node-fetch" "^2.6.14"

"@supabase/node-fetch@2.6.15", "@supabase/node-fetch@^2.6.14":
  version "2.6.15"
  resolved "https://registry.yarnpkg.com/@supabase/node-fetch/-/node-fetch-2.6.15.tgz#731271430e276983191930816303c44159e7226c"
  integrity sha512-1ibVeYUacxWYi9i0cf5efil6adJ9WRyZBLivgjs+AUpewx1F3xPi7gLgaASI2SmIQxPoCEjAsLAzKPgMJVgOUQ==
  dependencies:
    whatwg-url "^5.0.0"

"@supabase/postgrest-js@1.16.3":
  version "1.16.3"
  resolved "https://registry.yarnpkg.com/@supabase/postgrest-js/-/postgrest-js-1.16.3.tgz#d8e009e63b9152e46715982a6d706f1450c0af0d"
  integrity sha512-HI6dsbW68AKlOPofUjDTaosiDBCtW4XAm0D18pPwxoW3zKOE2Ru13Z69Wuys9fd6iTpfDViNco5sgrtnP0666A==
  dependencies:
    "@supabase/node-fetch" "^2.6.14"

"@supabase/realtime-js@2.10.7":
  version "2.10.7"
  resolved "https://registry.yarnpkg.com/@supabase/realtime-js/-/realtime-js-2.10.7.tgz#9e0cbecdffbfda3ae94639dbe0e55b06c6f79290"
  integrity sha512-OLI0hiSAqQSqRpGMTUwoIWo51eUivSYlaNBgxsXZE7PSoWh12wPRdVt0psUMaUzEonSB85K21wGc7W5jHnT6uA==
  dependencies:
    "@supabase/node-fetch" "^2.6.14"
    "@types/phoenix" "^1.5.4"
    "@types/ws" "^8.5.10"
    ws "^8.14.2"

"@supabase/storage-js@2.7.1":
  version "2.7.1"
  resolved "https://registry.yarnpkg.com/@supabase/storage-js/-/storage-js-2.7.1.tgz#761482f237deec98a59e5af1ace18c7a5e0a69af"
  integrity sha512-asYHcyDR1fKqrMpytAS1zjyEfvxuOIp1CIXX7ji4lHHcJKqyk+sLl/Vxgm4sN6u8zvuUtae9e4kDxQP2qrwWBA==
  dependencies:
    "@supabase/node-fetch" "^2.6.14"

"@supabase/supabase-js@^2.42.3":
  version "2.46.1"
  resolved "https://registry.yarnpkg.com/@supabase/supabase-js/-/supabase-js-2.46.1.tgz#4d23cdf7b6aab45686dfe87577ca7d1371afd341"
  integrity sha512-HiBpd8stf7M6+tlr+/82L8b2QmCjAD8ex9YdSAKU+whB/SHXXJdus1dGlqiH9Umy9ePUuxaYmVkGd9BcvBnNvg==
  dependencies:
    "@supabase/auth-js" "2.65.1"
    "@supabase/functions-js" "2.4.3"
    "@supabase/node-fetch" "2.6.15"
    "@supabase/postgrest-js" "1.16.3"
    "@supabase/realtime-js" "2.10.7"
    "@supabase/storage-js" "2.7.1"

"@types/estree@1.0.6":
  version "1.0.6"
  resolved "https://registry.yarnpkg.com/@types/estree/-/estree-1.0.6.tgz#628effeeae2064a1b4e79f78e81d87b7e5fc7b50"
  integrity sha512-AYnb1nQyY49te+VRAVgmzfcgjYS91mY5P0TKUDCLEM+gNnA+3T6rWITXRLYCpahpqSQbN5cE+gHpnPyXjHWxcw==

"@types/node-fetch@^2.6.4":
  version "2.6.12"
  resolved "https://registry.yarnpkg.com/@types/node-fetch/-/node-fetch-2.6.12.tgz#8ab5c3ef8330f13100a7479e2cd56d3386830a03"
  integrity sha512-8nneRWKCg3rMtF69nLQJnOYUcbafYeFSjqkw3jCRLsqkWFlHaoQrr5mXmofFGOx3DKn7UfmBMyov8ySvLRVldA==
  dependencies:
    "@types/node" "*"
    form-data "^4.0.0"

"@types/node@*":
  version "22.10.0"
  resolved "https://registry.yarnpkg.com/@types/node/-/node-22.10.0.tgz#89bfc9e82496b9c7edea3382583fa94f75896e81"
  integrity sha512-XC70cRZVElFHfIUB40FgZOBbgJYFKKMa5nb9lxcwYstFG/Mi+/Y0bGS+rs6Dmhmkpq4pnNiLiuZAbc02YCOnmA==
  dependencies:
    undici-types "~6.20.0"

"@types/node@^18.11.18":
  version "18.19.66"
  resolved "https://registry.yarnpkg.com/@types/node/-/node-18.19.66.tgz#0937a47904ceba5994eedf5cf4b6d503d8d6136c"
  integrity sha512-14HmtUdGxFUalGRfLLn9Gc1oNWvWh5zNbsyOLo5JV6WARSeN1QcEBKRnZm9QqNfrutgsl/hY4eJW63aZ44aBCg==
  dependencies:
    undici-types "~5.26.4"

"@types/phoenix@^1.5.4":
  version "1.6.6"
  resolved "https://registry.yarnpkg.com/@types/phoenix/-/phoenix-1.6.6.tgz#3c1ab53fd5a23634b8e37ea72ccacbf07fbc7816"
  integrity sha512-PIzZZlEppgrpoT2QgbnDU+MMzuR6BbCjllj0bM70lWoejMeNJAxCchxnv7J3XFkI8MpygtRpzXrIlmWUBclP5A==

"@types/showdown@^2.0.1":
  version "2.0.6"
  resolved "https://registry.yarnpkg.com/@types/showdown/-/showdown-2.0.6.tgz#3d7affd5f971b4a17783ec2b23b4ad3b97477b7e"
  integrity sha512-pTvD/0CIeqe4x23+YJWlX2gArHa8G0J0Oh6GKaVXV7TAeickpkkZiNOgFcFcmLQ5lB/K0qBJL1FtRYltBfbGCQ==

"@types/ws@^8.5.10":
  version "8.5.13"
  resolved "https://registry.yarnpkg.com/@types/ws/-/ws-8.5.13.tgz#6414c280875e2691d0d1e080b05addbf5cb91e20"
  integrity sha512-osM/gWBTPKgHV8XkTunnegTRIsvF6owmf5w+JtAfOw472dptdm0dlGv4xCt6GwQRcC2XVOvvRE/0bAoQcL2QkA==
  dependencies:
    "@types/node" "*"

"@vitejs/plugin-vue@^5.0.5":
  version "5.2.1"
  resolved "https://registry.yarnpkg.com/@vitejs/plugin-vue/-/plugin-vue-5.2.1.tgz#d1491f678ee3af899f7ae57d9c21dc52a65c7133"
  integrity sha512-cxh314tzaWwOLqVes2gnnCtvBDcM1UMdn+iFR+UjAn411dPT3tOmqrJjbMd7koZpMAmBM/GqeV4n9ge7JSiJJQ==

"@vue/compiler-core@3.5.13":
  version "3.5.13"
  resolved "https://registry.yarnpkg.com/@vue/compiler-core/-/compiler-core-3.5.13.tgz#b0ae6c4347f60c03e849a05d34e5bf747c9bda05"
  integrity sha512-oOdAkwqUfW1WqpwSYJce06wvt6HljgY3fGeM9NcVA1HaYOij3mZG9Rkysn0OHuyUAGMbEbARIpsG+LPVlBJ5/Q==
  dependencies:
    "@babel/parser" "^7.25.3"
    "@vue/shared" "3.5.13"
    entities "^4.5.0"
    estree-walker "^2.0.2"
    source-map-js "^1.2.0"

"@vue/compiler-dom@3.5.13":
  version "3.5.13"
  resolved "https://registry.yarnpkg.com/@vue/compiler-dom/-/compiler-dom-3.5.13.tgz#bb1b8758dbc542b3658dda973b98a1c9311a8a58"
  integrity sha512-ZOJ46sMOKUjO3e94wPdCzQ6P1Lx/vhp2RSvfaab88Ajexs0AHeV0uasYhi99WPaogmBlRHNRuly8xV75cNTMDA==
  dependencies:
    "@vue/compiler-core" "3.5.13"
    "@vue/shared" "3.5.13"

"@vue/compiler-sfc@3.5.13":
  version "3.5.13"
  resolved "https://registry.yarnpkg.com/@vue/compiler-sfc/-/compiler-sfc-3.5.13.tgz#461f8bd343b5c06fac4189c4fef8af32dea82b46"
  integrity sha512-6VdaljMpD82w6c2749Zhf5T9u5uLBWKnVue6XWxprDobftnletJ8+oel7sexFfM3qIxNmVE7LSFGTpv6obNyaQ==
  dependencies:
    "@babel/parser" "^7.25.3"
    "@vue/compiler-core" "3.5.13"
    "@vue/compiler-dom" "3.5.13"
    "@vue/compiler-ssr" "3.5.13"
    "@vue/shared" "3.5.13"
    estree-walker "^2.0.2"
    magic-string "^0.30.11"
    postcss "^8.4.48"
    source-map-js "^1.2.0"

"@vue/compiler-ssr@3.5.13":
  version "3.5.13"
  resolved "https://registry.yarnpkg.com/@vue/compiler-ssr/-/compiler-ssr-3.5.13.tgz#e771adcca6d3d000f91a4277c972a996d07f43ba"
  integrity sha512-wMH6vrYHxQl/IybKJagqbquvxpWCuVYpoUJfCqFZwa/JY1GdATAQ+TgVtgrwwMZ0D07QhA99rs/EAAWfvG6KpA==
  dependencies:
    "@vue/compiler-dom" "3.5.13"
    "@vue/shared" "3.5.13"

"@vue/devtools-api@^6.6.3", "@vue/devtools-api@^6.6.4":
  version "6.6.4"
  resolved "https://registry.yarnpkg.com/@vue/devtools-api/-/devtools-api-6.6.4.tgz#cbe97fe0162b365edc1dba80e173f90492535343"
  integrity sha512-sGhTPMuXqZ1rVOk32RylztWkfXTRhuS7vgAKv0zjqk8gbsHkJ7xfFf+jbySxt7tWObEJwyKaHMikV/WGDiQm8g==

"@vue/reactivity@3.5.13":
  version "3.5.13"
  resolved "https://registry.yarnpkg.com/@vue/reactivity/-/reactivity-3.5.13.tgz#b41ff2bb865e093899a22219f5b25f97b6fe155f"
  integrity sha512-NaCwtw8o48B9I6L1zl2p41OHo/2Z4wqYGGIK1Khu5T7yxrn+ATOixn/Udn2m+6kZKB/J7cuT9DbWWhRxqixACg==
  dependencies:
    "@vue/shared" "3.5.13"

"@vue/runtime-core@3.5.13":
  version "3.5.13"
  resolved "https://registry.yarnpkg.com/@vue/runtime-core/-/runtime-core-3.5.13.tgz#1fafa4bf0b97af0ebdd9dbfe98cd630da363a455"
  integrity sha512-Fj4YRQ3Az0WTZw1sFe+QDb0aXCerigEpw418pw1HBUKFtnQHWzwojaukAs2X/c9DQz4MQ4bsXTGlcpGxU/RCIw==
  dependencies:
    "@vue/reactivity" "3.5.13"
    "@vue/shared" "3.5.13"

"@vue/runtime-dom@3.5.13":
  version "3.5.13"
  resolved "https://registry.yarnpkg.com/@vue/runtime-dom/-/runtime-dom-3.5.13.tgz#610fc795de9246300e8ae8865930d534e1246215"
  integrity sha512-dLaj94s93NYLqjLiyFzVs9X6dWhTdAlEAciC3Moq7gzAc13VJUdCnjjRurNM6uTLFATRHexHCTu/Xp3eW6yoog==
  dependencies:
    "@vue/reactivity" "3.5.13"
    "@vue/runtime-core" "3.5.13"
    "@vue/shared" "3.5.13"
    csstype "^3.1.3"

"@vue/server-renderer@3.5.13":
  version "3.5.13"
  resolved "https://registry.yarnpkg.com/@vue/server-renderer/-/server-renderer-3.5.13.tgz#429ead62ee51de789646c22efe908e489aad46f7"
  integrity sha512-wAi4IRJV/2SAW3htkTlB+dHeRmpTiVIK1OGLWV1yeStVSebSQQOwGwIq0D3ZIoBj2C2qpgz5+vX9iEBkTdk5YA==
  dependencies:
    "@vue/compiler-ssr" "3.5.13"
    "@vue/shared" "3.5.13"

"@vue/shared@3.5.13":
  version "3.5.13"
  resolved "https://registry.yarnpkg.com/@vue/shared/-/shared-3.5.13.tgz#87b309a6379c22b926e696893237826f64339b6f"
  integrity sha512-/hnE/qP5ZoGpol0a5mDi45bOd7t3tjYJBjsgCsivow7D48cJeV5l05RD82lPqi7gRiphZM37rnhW1l6ZoCNNnQ==

abort-controller@^3.0.0:
  version "3.0.0"
  resolved "https://registry.yarnpkg.com/abort-controller/-/abort-controller-3.0.0.tgz#eaf54d53b62bae4138e809ca225c8439a6efb392"
  integrity sha512-h8lQ8tacZYnR3vNQTgibj+tODHI5/+l06Au2Pcriv/Gmet0eaj4TwWH41sO9wnHDiQsEj19q0drzdWdeAHtweg==
  dependencies:
    event-target-shim "^5.0.0"

agentkeepalive@^4.2.1:
  version "4.5.0"
  resolved "https://registry.yarnpkg.com/agentkeepalive/-/agentkeepalive-4.5.0.tgz#2673ad1389b3c418c5a20c5d7364f93ca04be923"
  integrity sha512-5GG/5IbQQpC9FpkRGsSvZI5QYeSCzlJHdpBQntCsuTOxhKD8lqKhrleg2Yi7yvMIf82Ycmmqln9U8V9qwEiJew==
  dependencies:
    humanize-ms "^1.2.1"

asynckit@^0.4.0:
  version "0.4.0"
  resolved "https://registry.yarnpkg.com/asynckit/-/asynckit-0.4.0.tgz#c79ed97f7f34cb8f2ba1bc9790bcc366474b4b79"
  integrity sha512-Oei9OH4tRh0YqU3GxhX79dM/mwVgvbZJaSNaRk+bshkj0S5cfHcgYakreBjrHwatXKbz+IoIdYLxrKim2MjW0Q==

boolbase@^1.0.0:
  version "1.0.0"
  resolved "https://registry.yarnpkg.com/boolbase/-/boolbase-1.0.0.tgz#68dff5fbe60c51eb37725ea9e3ed310dcc1e776e"
  integrity sha512-JZOSA7Mo9sNGB8+UjSgzdLtokWAky1zbztM3WRLCbZ70/3cTANmQmOdR7y2g+J0e2WXywy1yS468tY+IruqEww==

cheerio-select@^2.1.0:
  version "2.1.0"
  resolved "https://registry.yarnpkg.com/cheerio-select/-/cheerio-select-2.1.0.tgz#4d8673286b8126ca2a8e42740d5e3c4884ae21b4"
  integrity sha512-9v9kG0LvzrlcungtnJtpGNxY+fzECQKhK4EGJX2vByejiMX84MFNQw4UxPJl3bFbTMw+Dfs37XaIkCwTZfLh4g==
  dependencies:
    boolbase "^1.0.0"
    css-select "^5.1.0"
    css-what "^6.1.0"
    domelementtype "^2.3.0"
    domhandler "^5.0.3"
    domutils "^3.0.1"

cheerio@^1.0.0:
  version "1.0.0"
  resolved "https://registry.yarnpkg.com/cheerio/-/cheerio-1.0.0.tgz#1ede4895a82f26e8af71009f961a9b8cb60d6a81"
  integrity sha512-quS9HgjQpdaXOvsZz82Oz7uxtXiy6UIsIQcpBj7HRw2M63Skasm9qlDocAM7jNuaxdhpPU7c4kJN+gA5MCu4ww==
  dependencies:
    cheerio-select "^2.1.0"
    dom-serializer "^2.0.0"
    domhandler "^5.0.3"
    domutils "^3.1.0"
    encoding-sniffer "^0.2.0"
    htmlparser2 "^9.1.0"
    parse5 "^7.1.2"
    parse5-htmlparser2-tree-adapter "^7.0.0"
    parse5-parser-stream "^7.1.2"
    undici "^6.19.5"
    whatwg-mimetype "^4.0.0"

combined-stream@^1.0.8:
  version "1.0.8"
  resolved "https://registry.yarnpkg.com/combined-stream/-/combined-stream-1.0.8.tgz#c3d45a8b34fd730631a110a8a2520682b31d5a7f"
  integrity sha512-FQN4MRfuJeHf7cBbBMJFXhKSDq+2kAArBlmRBvcvFE5BB1HZKXtSFASDhdlz9zOYwxh8lDdnvmMOe/+5cdoEdg==
  dependencies:
    delayed-stream "~1.0.0"

commander@^9.0.0:
  version "9.5.0"
  resolved "https://registry.yarnpkg.com/commander/-/commander-9.5.0.tgz#bc08d1eb5cedf7ccb797a96199d41c7bc3e60d30"
  integrity sha512-KRs7WVDKg86PWiuAqhDrAQnTXZKraVcCc6vFdL14qrZ/DcWwuRo7VoiYXalXO7S5GKpqYiVEwCbgFDfxNHKJBQ==

crypto-random-bigint@^2.1.0:
  version "2.1.0"
  resolved "https://registry.yarnpkg.com/crypto-random-bigint/-/crypto-random-bigint-2.1.0.tgz#07e1ab2de3676204f0fc8a6c46969bf480d524fe"
  integrity sha512-g63bcqflSF6kWgV8Qgp8S8rmSCSPpltxTL3KbZvyvbQzQJwyKqjOD21JnQpDKVyc9mG2DlNRyXGnUZ7RrdmPeQ==
  dependencies:
    uint-rng "^1.1.0"

css-select@^5.1.0:
  version "5.1.0"
  resolved "https://registry.yarnpkg.com/css-select/-/css-select-5.1.0.tgz#b8ebd6554c3637ccc76688804ad3f6a6fdaea8a6"
  integrity sha512-nwoRF1rvRRnnCqqY7updORDsuqKzqYJ28+oSMaJMMgOauh3fvwHqMS7EZpIPqK8GL+g9mKxF1vP/ZjSeNjEVHg==
  dependencies:
    boolbase "^1.0.0"
    css-what "^6.1.0"
    domhandler "^5.0.2"
    domutils "^3.0.1"
    nth-check "^2.0.1"

css-what@^6.1.0:
  version "6.1.0"
  resolved "https://registry.yarnpkg.com/css-what/-/css-what-6.1.0.tgz#fb5effcf76f1ddea2c81bdfaa4de44e79bac70f4"
  integrity sha512-HTUrgRJ7r4dsZKU6GjmpfRK1O76h97Z8MfS1G0FozR+oF2kG6Vfe8JE6zwrkbxigziPHinCJ+gCPjA9EaBDtRw==

csstype@^3.1.3:
  version "3.1.3"
  resolved "https://registry.yarnpkg.com/csstype/-/csstype-3.1.3.tgz#d80ff294d114fb0e6ac500fbf85b60137d7eff81"
  integrity sha512-M1uQkMl8rQK/szD0LNhtqxIPLpimGm8sOBwU7lLnCpSbTyY3yeU1Vc7l4KT5zT4s/yOxHH5O7tIuuLOCnLADRw==

delayed-stream@~1.0.0:
  version "1.0.0"
  resolved "https://registry.yarnpkg.com/delayed-stream/-/delayed-stream-1.0.0.tgz#df3ae199acadfb7d440aaae0b29e2272b24ec619"
  integrity sha512-ZySD7Nf91aLB0RxL4KGrKHBXl7Eds1DAmEdcoVawXnLD7SDhpNgtuII2aAkg7a7QS41jxPSZ17p4VdGnMHk3MQ==

dom-serializer@^2.0.0:
  version "2.0.0"
  resolved "https://registry.yarnpkg.com/dom-serializer/-/dom-serializer-2.0.0.tgz#e41b802e1eedf9f6cae183ce5e622d789d7d8e53"
  integrity sha512-wIkAryiqt/nV5EQKqQpo3SToSOV9J0DnbJqwK7Wv/Trc92zIAYZ4FlMu+JPFW1DfGFt81ZTCGgDEabffXeLyJg==
  dependencies:
    domelementtype "^2.3.0"
    domhandler "^5.0.2"
    entities "^4.2.0"

domelementtype@^2.3.0:
  version "2.3.0"
  resolved "https://registry.yarnpkg.com/domelementtype/-/domelementtype-2.3.0.tgz#5c45e8e869952626331d7aab326d01daf65d589d"
  integrity sha512-OLETBj6w0OsagBwdXnPdN0cnMfF9opN69co+7ZrbfPGrdpPVNBUj02spi6B1N7wChLQiPn4CSH/zJvXw56gmHw==

domhandler@^5.0.2, domhandler@^5.0.3:
  version "5.0.3"
  resolved "https://registry.yarnpkg.com/domhandler/-/domhandler-5.0.3.tgz#cc385f7f751f1d1fc650c21374804254538c7d31"
  integrity sha512-cgwlv/1iFQiFnU96XXgROh8xTeetsnJiDsTc7TYCLFd9+/WNkIqPTxiM/8pSd8VIrhXGTf1Ny1q1hquVqDJB5w==
  dependencies:
    domelementtype "^2.3.0"

domutils@^3.0.1, domutils@^3.1.0:
  version "3.1.0"
  resolved "https://registry.yarnpkg.com/domutils/-/domutils-3.1.0.tgz#c47f551278d3dc4b0b1ab8cbb42d751a6f0d824e"
  integrity sha512-H78uMmQtI2AhgDJjWeQmHwJJ2bLPD3GMmO7Zja/ZZh84wkm+4ut+IUnUdRa8uCGX88DiVx1j6FRe1XfxEgjEZA==
  dependencies:
    dom-serializer "^2.0.0"
    domelementtype "^2.3.0"
    domhandler "^5.0.3"

dotenv@^16.4.5:
  version "16.4.5"
  resolved "https://registry.yarnpkg.com/dotenv/-/dotenv-16.4.5.tgz#cdd3b3b604cb327e286b4762e13502f717cb099f"
  integrity sha512-ZmdL2rui+eB2YwhsWzjInR8LldtZHGDoQ1ugH85ppHKwpUHL7j7rN0Ti9NCnGiQbhaZ11FpR+7ao1dNsmduNUg==

encoding-sniffer@^0.2.0:
  version "0.2.0"
  resolved "https://registry.yarnpkg.com/encoding-sniffer/-/encoding-sniffer-0.2.0.tgz#799569d66d443babe82af18c9f403498365ef1d5"
  integrity sha512-ju7Wq1kg04I3HtiYIOrUrdfdDvkyO9s5XM8QAj/bN61Yo/Vb4vgJxy5vi4Yxk01gWHbrofpPtpxM8bKger9jhg==
  dependencies:
    iconv-lite "^0.6.3"
    whatwg-encoding "^3.1.1"

entities@^4.2.0, entities@^4.5.0:
  version "4.5.0"
  resolved "https://registry.yarnpkg.com/entities/-/entities-4.5.0.tgz#5d268ea5e7113ec74c4d033b79ea5a35a488fb48"
  integrity sha512-V0hjH4dGPh9Ao5p0MoRY6BVqtwCjhz6vI5LT8AJ55H+4g9/4vbHx1I54fS0XuclLhDHArPQCiMjDxjaL8fPxhw==

esbuild@^0.21.3:
  version "0.21.5"
  resolved "https://registry.yarnpkg.com/esbuild/-/esbuild-0.21.5.tgz#9ca301b120922959b766360d8ac830da0d02997d"
  integrity sha512-mg3OPMV4hXywwpoDxu3Qda5xCKQi+vCTZq8S9J/EpkhB2HzKXq4SNFZE3+NK93JYxc8VMSep+lOUSC/RVKaBqw==
  optionalDependencies:
    "@esbuild/aix-ppc64" "0.21.5"
    "@esbuild/android-arm" "0.21.5"
    "@esbuild/android-arm64" "0.21.5"
    "@esbuild/android-x64" "0.21.5"
    "@esbuild/darwin-arm64" "0.21.5"
    "@esbuild/darwin-x64" "0.21.5"
    "@esbuild/freebsd-arm64" "0.21.5"
    "@esbuild/freebsd-x64" "0.21.5"
    "@esbuild/linux-arm" "0.21.5"
    "@esbuild/linux-arm64" "0.21.5"
    "@esbuild/linux-ia32" "0.21.5"
    "@esbuild/linux-loong64" "0.21.5"
    "@esbuild/linux-mips64el" "0.21.5"
    "@esbuild/linux-ppc64" "0.21.5"
    "@esbuild/linux-riscv64" "0.21.5"
    "@esbuild/linux-s390x" "0.21.5"
    "@esbuild/linux-x64" "0.21.5"
    "@esbuild/netbsd-x64" "0.21.5"
    "@esbuild/openbsd-x64" "0.21.5"
    "@esbuild/sunos-x64" "0.21.5"
    "@esbuild/win32-arm64" "0.21.5"
    "@esbuild/win32-ia32" "0.21.5"
    "@esbuild/win32-x64" "0.21.5"

estree-walker@^2.0.2:
  version "2.0.2"
  resolved "https://registry.yarnpkg.com/estree-walker/-/estree-walker-2.0.2.tgz#52f010178c2a4c117a7757cfe942adb7d2da4cac"
  integrity sha512-Rfkk/Mp/DL7JVje3u18FxFujQlTNR2q6QfMSMB7AvCBx91NGj/ba3kCfza0f6dVDbw7YlRf/nDrn7pQrCCyQ/w==

event-target-shim@^5.0.0:
  version "5.0.1"
  resolved "https://registry.yarnpkg.com/event-target-shim/-/event-target-shim-5.0.1.tgz#5d4d3ebdf9583d63a5333ce2deb7480ab2b05789"
  integrity sha512-i/2XbnSz/uxRCU6+NdVJgKWDTM427+MqYbkQzD321DuCQJUqOuJKIA0IM2+W2xtYHdKOmZ4dR6fExsd4SXL+WQ==

form-data-encoder@1.7.2:
  version "1.7.2"
  resolved "https://registry.yarnpkg.com/form-data-encoder/-/form-data-encoder-1.7.2.tgz#1f1ae3dccf58ed4690b86d87e4f57c654fbab040"
  integrity sha512-qfqtYan3rxrnCk1VYaA4H+Ms9xdpPqvLZa6xmMgFvhO32x7/3J/ExcTd6qpxM0vH2GdMI+poehyBZvqfMTto8A==

form-data@^4.0.0:
  version "4.0.1"
  resolved "https://registry.yarnpkg.com/form-data/-/form-data-4.0.1.tgz#ba1076daaaa5bfd7e99c1a6cb02aa0a5cff90d48"
  integrity sha512-tzN8e4TX8+kkxGPK8D5u0FNmjPUjw3lwC9lSLxxoB/+GtsJG91CO8bSWy73APlgAZzZbXEYZJuxjkHH2w+Ezhw==
  dependencies:
    asynckit "^0.4.0"
    combined-stream "^1.0.8"
    mime-types "^2.1.12"

formdata-node@^4.3.2:
  version "4.4.1"
  resolved "https://registry.yarnpkg.com/formdata-node/-/formdata-node-4.4.1.tgz#23f6a5cb9cb55315912cbec4ff7b0f59bbd191e2"
  integrity sha512-0iirZp3uVDjVGt9p49aTaqjk84TrglENEDuqfdlZQ1roC9CWlPk6Avf8EEnZNcAqPonwkG35x4n3ww/1THYAeQ==
  dependencies:
    node-domexception "1.0.0"
    web-streams-polyfill "4.0.0-beta.3"

fsevents@~2.3.2, fsevents@~2.3.3:
  version "2.3.3"
  resolved "https://registry.yarnpkg.com/fsevents/-/fsevents-2.3.3.tgz#cac6407785d03675a2a5e1a5305c697b347d90d6"
  integrity sha512-5xoDfX+fL7faATnagmWPpbFtwh/R77WmMMqqHGS65C3vvB0YHrgF+B1YmZ3441tMj5n63k0212XNoJwzlhffQw==

fuzzysort@^3.0.1:
  version "3.1.0"
  resolved "https://registry.yarnpkg.com/fuzzysort/-/fuzzysort-3.1.0.tgz#4d7832d8fa48ad381753eaa7a7aae9927bdc10a8"
  integrity sha512-sR9BNCjBg6LNgwvxlBd0sBABvQitkLzoVY9MYYROQVX/FvfJ4Mai9LsGhDgd8qYdds0bY77VzYd5iuB+v5rwQQ==

htmlparser2@^9.1.0:
  version "9.1.0"
  resolved "https://registry.yarnpkg.com/htmlparser2/-/htmlparser2-9.1.0.tgz#cdb498d8a75a51f739b61d3f718136c369bc8c23"
  integrity sha512-5zfg6mHUoaer/97TxnGpxmbR7zJtPwIYFMZ/H5ucTlPZhKvtum05yiPK3Mgai3a0DyVxv7qYqoweaEd2nrYQzQ==
  dependencies:
    domelementtype "^2.3.0"
    domhandler "^5.0.3"
    domutils "^3.1.0"
    entities "^4.5.0"

humanize-ms@^1.2.1:
  version "1.2.1"
  resolved "https://registry.yarnpkg.com/humanize-ms/-/humanize-ms-1.2.1.tgz#c46e3159a293f6b896da29316d8b6fe8bb79bbed"
  integrity sha512-Fl70vYtsAFb/C06PTS9dZBo7ihau+Tu/DNCk/OyHhea07S+aeMWpFFkUaXRa8fI+ScZbEI8dfSxwY7gxZ9SAVQ==
  dependencies:
    ms "^2.0.0"

iconv-lite@0.6.3, iconv-lite@^0.6.3:
  version "0.6.3"
  resolved "https://registry.yarnpkg.com/iconv-lite/-/iconv-lite-0.6.3.tgz#a52f80bf38da1952eb5c681790719871a1a72501"
  integrity sha512-4fCk79wshMdzMp2rH06qWrJE4iolqLhCUH+OiuIgU++RB0+94NlDL81atO7GX55uUKueo0txHNtvEyI6D7WdMw==
  dependencies:
    safer-buffer ">= 2.1.2 < 3.0.0"

langfuse-core@^3.31.0:
  version "3.31.0"
  resolved "https://registry.yarnpkg.com/langfuse-core/-/langfuse-core-3.31.0.tgz#2bffd0182c110fa80597d3bdc2b14d599d827946"
  integrity sha512-aJ8dNp1Oh8e+XLJb5M+1lzluqi4oLBFxuSh56e8852WOifPs4Q3HPVblvf2YtyhpYqj0x+0cwhVP+iO2AAsh6Q==
  dependencies:
    mustache "^4.2.0"

langfuse@^3.31.0:
  version "3.31.0"
  resolved "https://registry.yarnpkg.com/langfuse/-/langfuse-3.31.0.tgz#9c2f27053cbd65b0b64c74a3fb27d6b217377e36"
  integrity sha512-Qk2P4dNfiDGjbIjxBsurkRoyBUm5P4KdaeKdM65+IZosZ45TwOgv3AetmXbg+6bKIHbjkJZvOz+KFUmQ3I0AOg==
  dependencies:
    langfuse-core "^3.31.0"

magic-string@^0.30.11:
  version "0.30.14"
  resolved "https://registry.yarnpkg.com/magic-string/-/magic-string-0.30.14.tgz#e9bb29870b81cfc1ec3cc656552f5a7fcbf19077"
  integrity sha512-5c99P1WKTed11ZC0HMJOj6CDIue6F8ySu+bJL+85q1zBEIY8IklrJ1eiKC2NDRh3Ct3FcvmJPyQHb9erXMTJNw==
  dependencies:
    "@jridgewell/sourcemap-codec" "^1.5.0"

mime-db@1.52.0:
  version "1.52.0"
  resolved "https://registry.yarnpkg.com/mime-db/-/mime-db-1.52.0.tgz#bbabcdc02859f4987301c856e3387ce5ec43bf70"
  integrity sha512-sPU4uV7dYlvtWJxwwxHD0PuihVNiE7TyAbQ5SWxDCB9mUYvOgroQOwYQQOKPJ8CIbE+1ETVlOoK1UC2nU3gYvg==

mime-types@^2.1.12:
  version "2.1.35"
  resolved "https://registry.yarnpkg.com/mime-types/-/mime-types-2.1.35.tgz#381a871b62a734450660ae3deee44813f70d959a"
  integrity sha512-ZDY+bPm5zTTF+YpCrAU9nK0UgICYPT0QtT1NZWFv4s++TNkcgVaT0g6+4R2uI4MjQjzysHB1zxuWL50hzaeXiw==
  dependencies:
    mime-db "1.52.0"

ms@^2.0.0:
  version "2.1.3"
  resolved "https://registry.yarnpkg.com/ms/-/ms-2.1.3.tgz#574c8138ce1d2b5861f0b44579dbadd60c6615b2"
  integrity sha512-6FlzubTLZG3J2a/NVCAleEhjzq5oxgHyaCU9yYXvcLsvoVaHJq/s5xXI6/XXP6tz7R9xAOtHnSO/tXtF3WRTlA==

mustache@^4.2.0:
  version "4.2.0"
  resolved "https://registry.yarnpkg.com/mustache/-/mustache-4.2.0.tgz#e5892324d60a12ec9c2a73359edca52972bf6f64"
  integrity sha512-71ippSywq5Yb7/tVYyGbkBggbU8H3u5Rz56fH60jGFgr8uHwxs+aSKeqmluIVzM0m0kB7xQjKS6qPfd0b2ZoqQ==

nanoid@^3.3.7:
  version "3.3.8"
  resolved "https://registry.yarnpkg.com/nanoid/-/nanoid-3.3.8.tgz#b1be3030bee36aaff18bacb375e5cce521684baf"
  integrity sha512-WNLf5Sd8oZxOm+TzppcYk8gVOgP+l58xNy58D0nbUnOxOWRWvlcCV4kUF7ltmI6PsrLl/BgKEyS4mqsGChFN0w==

node-domexception@1.0.0:
  version "1.0.0"
  resolved "https://registry.yarnpkg.com/node-domexception/-/node-domexception-1.0.0.tgz#6888db46a1f71c0b76b3f7555016b63fe64766e5"
  integrity sha512-/jKZoMpw0F8GRwl4/eLROPA3cfcXtLApP0QzLmUT/HuPCZWyB7IY9ZrMeKw2O/nFIqPQB3PVM9aYm0F312AXDQ==

node-fetch@^2.6.7:
  version "2.7.0"
  resolved "https://registry.yarnpkg.com/node-fetch/-/node-fetch-2.7.0.tgz#d0f0fa6e3e2dc1d27efcd8ad99d550bda94d187d"
  integrity sha512-c4FRfUm/dbcWZ7U+1Wq0AwCyFL+3nt2bEw05wfxSz+DWpWsitgmSgYmy2dQdWyKC1694ELPqMs/YzUSNozLt8A==
  dependencies:
    whatwg-url "^5.0.0"

nth-check@^2.0.1:
  version "2.1.1"
  resolved "https://registry.yarnpkg.com/nth-check/-/nth-check-2.1.1.tgz#c9eab428effce36cd6b92c924bdb000ef1f1ed1d"
  integrity sha512-lqjrjmaOoAnWfMmBPL+XNnynZh2+swxiX3WUE0s4yEHI6m+AwrK2UZOimIRl3X/4QctVqS8AiZjFqyOGrMXb/w==
  dependencies:
    boolbase "^1.0.0"

openai@^4.68.4:
  version "4.73.1"
  resolved "https://registry.yarnpkg.com/openai/-/openai-4.73.1.tgz#532bd000d5f1a558e4fff1119da6749992ac41e4"
  integrity sha512-nWImDJBcUsqrhy7yJScXB4+iqjzbUEgzfA3un/6UnHFdwWhjX24oztj69Ped/njABfOdLcO/F7CeWTI5dt8Xmg==
  dependencies:
    "@types/node" "^18.11.18"
    "@types/node-fetch" "^2.6.4"
    abort-controller "^3.0.0"
    agentkeepalive "^4.2.1"
    form-data-encoder "1.7.2"
    formdata-node "^4.3.2"
    node-fetch "^2.6.7"

parse5-htmlparser2-tree-adapter@^7.0.0:
  version "7.1.0"
  resolved "https://registry.yarnpkg.com/parse5-htmlparser2-tree-adapter/-/parse5-htmlparser2-tree-adapter-7.1.0.tgz#b5a806548ed893a43e24ccb42fbb78069311e81b"
  integrity sha512-ruw5xyKs6lrpo9x9rCZqZZnIUntICjQAd0Wsmp396Ul9lN/h+ifgVV1x1gZHi8euej6wTfpqX8j+BFQxF0NS/g==
  dependencies:
    domhandler "^5.0.3"
    parse5 "^7.0.0"

parse5-parser-stream@^7.1.2:
  version "7.1.2"
  resolved "https://registry.yarnpkg.com/parse5-parser-stream/-/parse5-parser-stream-7.1.2.tgz#d7c20eadc37968d272e2c02660fff92dd27e60e1"
  integrity sha512-JyeQc9iwFLn5TbvvqACIF/VXG6abODeB3Fwmv/TGdLk2LfbWkaySGY72at4+Ty7EkPZj854u4CrICqNk2qIbow==
  dependencies:
    parse5 "^7.0.0"

parse5@^7.0.0, parse5@^7.1.2:
  version "7.2.1"
  resolved "https://registry.yarnpkg.com/parse5/-/parse5-7.2.1.tgz#8928f55915e6125f430cc44309765bf17556a33a"
  integrity sha512-BuBYQYlv1ckiPdQi/ohiivi9Sagc9JG+Ozs0r7b/0iK3sKmrb0b9FdWdBbOdx6hBCM/F9Ir82ofnBhtZOjCRPQ==
  dependencies:
    entities "^4.5.0"

picocolors@^1.1.1:
  version "1.1.1"
  resolved "https://registry.yarnpkg.com/picocolors/-/picocolors-1.1.1.tgz#3d321af3eab939b083c8f929a1d12cda81c26b6b"
  integrity sha512-xceH2snhtb5M9liqDsmEw56le376mTZkEX/jEb/RxNFyegNul7eNslCXP9FDj/Lcu0X8KEyMceP2ntpaHrDEVA==

pinia@^2.1.7:
  version "2.2.7"
  resolved "https://registry.yarnpkg.com/pinia/-/pinia-2.2.7.tgz#692ecbc259f92409b245b2dcc2564284e040b334"
  integrity sha512-M+X9Eh9V5De+8wyj0rD1cgB0zy1mPN/aBEpCI9y+DgVmzXV2dIwjYBluJ5cMQd/jAoHs0VW+EyUSHMZv/Wtcnw==
  dependencies:
    "@vue/devtools-api" "^6.6.3"
    vue-demi "^0.14.10"

postcss@^8.4.43, postcss@^8.4.48:
  version "8.4.49"
  resolved "https://registry.yarnpkg.com/postcss/-/postcss-8.4.49.tgz#4ea479048ab059ab3ae61d082190fabfd994fe19"
  integrity sha512-OCVPnIObs4N29kxTjzLfUryOkvZEq+pf8jTF0lg8E7uETuWHA+v7j3c/xJmiqpX450191LlmZfUKkXxkTry7nA==
  dependencies:
    nanoid "^3.3.7"
    picocolors "^1.1.1"
    source-map-js "^1.2.1"

primeicons@^7.0.0:
  version "7.0.0"
  resolved "https://registry.yarnpkg.com/primeicons/-/primeicons-7.0.0.tgz#6b25c3fdcb29bb745a3035bdc1ed5902f4a419cf"
  integrity sha512-jK3Et9UzwzTsd6tzl2RmwrVY/b8raJ3QZLzoDACj+oTJ0oX7L9Hy+XnVwgo4QVKlKpnP/Ur13SXV/pVh4LzaDw==

recaptcha-v3@^1.8.0:
  version "1.11.3"
  resolved "https://registry.yarnpkg.com/recaptcha-v3/-/recaptcha-v3-1.11.3.tgz#ea0ba6da462196236c243bc1fbba4a4072646d26"
  integrity sha512-sEE6J0RzUkS+sKEBpgCD/AqCU0ffrAVOADGjvAx9vcttN+VLK42SWMkj/J/I6vHu3Kew+xcfbBqDVb65N0QGDw==

rollup@^4.20.0:
  version "4.27.4"
  resolved "https://registry.yarnpkg.com/rollup/-/rollup-4.27.4.tgz#b23e4ef4fe4d0d87f5237dacf63f95a499503897"
  integrity sha512-RLKxqHEMjh/RGLsDxAEsaLO3mWgyoU6x9w6n1ikAzet4B3gI2/3yP6PWY2p9QzRTh6MfEIXB3MwsOY0Iv3vNrw==
  dependencies:
    "@types/estree" "1.0.6"
  optionalDependencies:
    "@rollup/rollup-android-arm-eabi" "4.27.4"
    "@rollup/rollup-android-arm64" "4.27.4"
    "@rollup/rollup-darwin-arm64" "4.27.4"
    "@rollup/rollup-darwin-x64" "4.27.4"
    "@rollup/rollup-freebsd-arm64" "4.27.4"
    "@rollup/rollup-freebsd-x64" "4.27.4"
    "@rollup/rollup-linux-arm-gnueabihf" "4.27.4"
    "@rollup/rollup-linux-arm-musleabihf" "4.27.4"
    "@rollup/rollup-linux-arm64-gnu" "4.27.4"
    "@rollup/rollup-linux-arm64-musl" "4.27.4"
    "@rollup/rollup-linux-powerpc64le-gnu" "4.27.4"
    "@rollup/rollup-linux-riscv64-gnu" "4.27.4"
    "@rollup/rollup-linux-s390x-gnu" "4.27.4"
    "@rollup/rollup-linux-x64-gnu" "4.27.4"
    "@rollup/rollup-linux-x64-musl" "4.27.4"
    "@rollup/rollup-win32-arm64-msvc" "4.27.4"
    "@rollup/rollup-win32-ia32-msvc" "4.27.4"
    "@rollup/rollup-win32-x64-msvc" "4.27.4"
    fsevents "~2.3.2"

"safer-buffer@>= 2.1.2 < 3.0.0":
  version "2.1.2"
  resolved "https://registry.yarnpkg.com/safer-buffer/-/safer-buffer-2.1.2.tgz#44fa161b0187b9549dd84bb91802f9bd8385cd6a"
  integrity sha512-YZo3K82SD7Riyi0E1EQPojLz7kpepnSQI9IyPbHHg1XXXevb5dJI7tpyN2ADxGcQbHG7vcyRHk0cbwqcQriUtg==

showdown-mathjax@^1.0.7:
  version "1.0.7"
  resolved "https://registry.yarnpkg.com/showdown-mathjax/-/showdown-mathjax-1.0.7.tgz#27e583bb4e56f927e7602801061dc9c5653d0ad3"
  integrity sha512-nJK/xXPRTfviv1A8Ax6UB0FtuifNHWIlkQofNRhq5SKmSSUtrA78S4jRZRWHUsYRaNdzIaJ57WoQcmP9Zp4WsA==
  dependencies:
    showdown "^2.1.0"

showdown@^2.1.0:
  version "2.1.0"
  resolved "https://registry.yarnpkg.com/showdown/-/showdown-2.1.0.tgz#1251f5ed8f773f0c0c7bfc8e6fd23581f9e545c5"
  integrity sha512-/6NVYu4U819R2pUIk79n67SYgJHWCce0a5xTP979WbNp0FL9MN1I1QK662IDU1b6JzKTvmhgI7T7JYIxBi3kMQ==
  dependencies:
    commander "^9.0.0"

source-map-js@^1.2.0, source-map-js@^1.2.1:
  version "1.2.1"
  resolved "https://registry.yarnpkg.com/source-map-js/-/source-map-js-1.2.1.tgz#1ce5650fddd87abc099eda37dcff024c2667ae46"
  integrity sha512-UXWMKhLOwVKb728IUtQPXxfYU+usdybtUrK/8uGE8CQMvrhOpwvzDBwj0QhSL7MQc7vIsISBG8VQ8+IDQxpfQA==

tiny-webcrypto@^1.0.1:
  version "1.0.1"
  resolved "https://registry.yarnpkg.com/tiny-webcrypto/-/tiny-webcrypto-1.0.1.tgz#3700ce8fca27b5be1f8de93d8c2e2fe7124bc29f"
  integrity sha512-xmRCZrKqgLNfDVjj12Da9l7a/gKyqwIQ0gTIQ2p+/tbosZxFGW41QQ5C6Pwz9tiVO0OTUDh8IcBqncVHbq1RqQ==

tr46@~0.0.3:
  version "0.0.3"
  resolved "https://registry.yarnpkg.com/tr46/-/tr46-0.0.3.tgz#8184fd347dac9cdc185992f3a6622e14b9d9ab6a"
  integrity sha512-N3WMsuqV66lT30CrXNbEjx4GEwlow3v6rr4mCcv6prnfwhS01rkgyFdjPNBYd9br7LpXV1+Emh01fHnq2Gdgrw==

typescript@^5.5.3:
  version "5.7.2"
  resolved "https://registry.yarnpkg.com/typescript/-/typescript-5.7.2.tgz#3169cf8c4c8a828cde53ba9ecb3d2b1d5dd67be6"
  integrity sha512-i5t66RHxDvVN40HfDd1PsEThGNnlMCMT3jMUuoh9/0TaqWevNontacunWyN02LA9/fIbEWlcHZcgTKb9QoaLfg==

uint-rng@^1.1.0:
  version "1.2.0"
  resolved "https://registry.yarnpkg.com/uint-rng/-/uint-rng-1.2.0.tgz#9c38c3cdc8aeb3866bbe6afa4ca7c3529ad44dfc"
  integrity sha512-ZQ+FZ7y4o0abzRjqHgSPXnC+sfpthLJI3B5zeazPh28f8l1WKTXxZfYvZrcS9RjrHDT6vFwc/KVi/1UyJC4s5A==
  dependencies:
    tiny-webcrypto "^1.0.1"

undici-types@~5.26.4:
  version "5.26.5"
  resolved "https://registry.yarnpkg.com/undici-types/-/undici-types-5.26.5.tgz#bcd539893d00b56e964fd2657a4866b221a65617"
  integrity sha512-JlCMO+ehdEIKqlFxk6IfVoAUVmgz7cU7zD/h9XZ0qzeosSHmUJVOzSQvvYSYWXkFXC+IfLKSIffhv0sVZup6pA==

undici-types@~6.20.0:
  version "6.20.0"
  resolved "https://registry.yarnpkg.com/undici-types/-/undici-types-6.20.0.tgz#8171bf22c1f588d1554d55bf204bc624af388433"
  integrity sha512-Ny6QZ2Nju20vw1SRHe3d9jVu6gJ+4e3+MMpqu7pqE5HT6WsTSlce++GQmK5UXS8mzV8DSYHrQH+Xrf2jVcuKNg==

undici@^6.19.5:
  version "6.21.0"
  resolved "https://registry.yarnpkg.com/undici/-/undici-6.21.0.tgz#4b3d3afaef984e07b48e7620c34ed8a285ed4cd4"
  integrity sha512-BUgJXc752Kou3oOIuU1i+yZZypyZRqNPW0vqoMPl8VaoalSfeR0D8/t4iAS3yirs79SSMTxTag+ZC86uswv+Cw==

urlpattern-polyfill@8.0.2:
  version "8.0.2"
  resolved "https://registry.yarnpkg.com/urlpattern-polyfill/-/urlpattern-polyfill-8.0.2.tgz#99f096e35eff8bf4b5a2aa7d58a1523d6ebc7ce5"
  integrity sha512-Qp95D4TPJl1kC9SKigDcqgyM2VDVO4RiJc2d4qe5GrYm+zbIQCWWKAFaJNQ4BhdFeDGwBmAxqJBwWSJDb9T3BQ==

vite@^5.3.1:
  version "5.4.11"
  resolved "https://registry.yarnpkg.com/vite/-/vite-5.4.11.tgz#3b415cd4aed781a356c1de5a9ebafb837715f6e5"
  integrity sha512-c7jFQRklXua0mTzneGW9QVyxFjUgwcihC4bXEtujIo2ouWCe1Ajt/amn2PCxYnhYfd5k09JX3SB7OYWFKYqj8Q==
  dependencies:
    esbuild "^0.21.3"
    postcss "^8.4.43"
    rollup "^4.20.0"
  optionalDependencies:
    fsevents "~2.3.3"

vue-demi@^0.14.10:
  version "0.14.10"
  resolved "https://registry.yarnpkg.com/vue-demi/-/vue-demi-0.14.10.tgz#afc78de3d6f9e11bf78c55e8510ee12814522f04"
  integrity sha512-nMZBOwuzabUO0nLgIcc6rycZEebF6eeUfaiQx9+WSk8e29IbLvPU9feI6tqW4kTo3hvoYAJkMh8n8D0fuISphg==

vue-recaptcha-v3@^2.0.1:
  version "2.0.1"
  resolved "https://registry.yarnpkg.com/vue-recaptcha-v3/-/vue-recaptcha-v3-2.0.1.tgz#10b07bbe07881734b9997111cfe3c9a9ca786bdb"
  integrity sha512-isEDtOfHU4wWRrZZuxciAELtQmPOeEEdicPNa0f1AOyLPy3sCcBEcpFt+FOcO3RQv5unJ3Yn5NlsWtXv9rXqjg==
  dependencies:
    recaptcha-v3 "^1.8.0"

vue-router@^4.4.0:
  version "4.5.0"
  resolved "https://registry.yarnpkg.com/vue-router/-/vue-router-4.5.0.tgz#58fc5fe374e10b6018f910328f756c3dae081f14"
  integrity sha512-HDuk+PuH5monfNuY+ct49mNmkCRK4xJAV9Ts4z9UFc4rzdDnxQLyCMGGc8pKhZhHTVzfanpNwB/lwqevcBwI4w==
  dependencies:
    "@vue/devtools-api" "^6.6.4"

vue-showdown@^4.2.0:
  version "4.2.0"
  resolved "https://registry.yarnpkg.com/vue-showdown/-/vue-showdown-4.2.0.tgz#6da563e4d77b9b23f1bdb4905acec09061975442"
  integrity sha512-2/daUw8TsMFCAb+6yRC87eM4U/B/vp/oCWPbSlUSNbttKitIiQ7NCDRVzhjPmNVIzzToEBnQNonZEE5ZJyTzIg==
  dependencies:
    "@types/showdown" "^2.0.1"
    showdown "^2.1.0"
    vue "^3.3.4"

vue@^3.3.4, vue@^3.5.3:
  version "3.5.13"
  resolved "https://registry.yarnpkg.com/vue/-/vue-3.5.13.tgz#9f760a1a982b09c0c04a867903fc339c9f29ec0a"
  integrity sha512-wmeiSMxkZCSc+PM2w2VRsOYAZC8GdipNFRTsLSfodVqI9mbejKeXEGr8SckuLnrQPGe3oJN5c3K0vpoU9q/wCQ==
  dependencies:
    "@vue/compiler-dom" "3.5.13"
    "@vue/compiler-sfc" "3.5.13"
    "@vue/runtime-dom" "3.5.13"
    "@vue/server-renderer" "3.5.13"
    "@vue/shared" "3.5.13"

web-streams-polyfill@4.0.0-beta.3:
  version "4.0.0-beta.3"
  resolved "https://registry.yarnpkg.com/web-streams-polyfill/-/web-streams-polyfill-4.0.0-beta.3.tgz#2898486b74f5156095e473efe989dcf185047a38"
  integrity sha512-QW95TCTaHmsYfHDybGMwO5IJIM93I/6vTRk+daHTWFPhwh+C8Cg7j7XyKrwrj8Ib6vYXe0ocYNrmzY4xAAN6ug==

webidl-conversions@^3.0.0:
  version "3.0.1"
  resolved "https://registry.yarnpkg.com/webidl-conversions/-/webidl-conversions-3.0.1.tgz#24534275e2a7bc6be7bc86611cc16ae0a5654871"
  integrity sha512-2JAn3z8AR6rjK8Sm8orRC0h/bcl/DqL7tRPdGZ4I1CjdF+EaMLmYxBHyXuKL849eucPFhvBoxMsflfOb8kxaeQ==

whatwg-encoding@^3.1.1:
  version "3.1.1"
  resolved "https://registry.yarnpkg.com/whatwg-encoding/-/whatwg-encoding-3.1.1.tgz#d0f4ef769905d426e1688f3e34381a99b60b76e5"
  integrity sha512-6qN4hJdMwfYBtE3YBTTHhoeuUrDBPZmbQaxWAqSALV/MeEnR5z1xd8UKud2RAkFoPkmB+hli1TZSnyi84xz1vQ==
  dependencies:
    iconv-lite "0.6.3"

whatwg-mimetype@^4.0.0:
  version "4.0.0"
  resolved "https://registry.yarnpkg.com/whatwg-mimetype/-/whatwg-mimetype-4.0.0.tgz#bc1bf94a985dc50388d54a9258ac405c3ca2fc0a"
  integrity sha512-QaKxh0eNIi2mE9p2vEdzfagOKHCcj1pJ56EEHGQOVxp8r9/iszLUUV7v89x9O1p/T+NlTM5W7jW6+cz4Fq1YVg==

whatwg-url@^5.0.0:
  version "5.0.0"
  resolved "https://registry.yarnpkg.com/whatwg-url/-/whatwg-url-5.0.0.tgz#966454e8765462e37644d3626f6742ce8b70965d"
  integrity sha512-saE57nupxk6v3HY35+jzBwYa0rKSy0XR8JSxZPwgLr7ys0IBzhGviA1/TUGJLmSVqs8pb9AnvICXEuOHLprYTw==
  dependencies:
    tr46 "~0.0.3"
    webidl-conversions "^3.0.0"

ws@^8.14.2:
  version "8.18.0"
  resolved "https://registry.yarnpkg.com/ws/-/ws-8.18.0.tgz#0d7505a6eafe2b0e712d232b42279f53bc289bbc"
  integrity sha512-8VbfWfHLbbwu3+N6OKsOMpBdT4kXPDDB9cJk2bJ6mh9ucxdlnNvH1e+roYkKmN9Nxw2yjz7VzeO9oOz2zJ04Pw==
